// !$*UTF8*$!
{
	archiveVersion = 1;
	classes = {
	};
	objectVersion = 55;
	objects = {

/* Begin PBXBuildFile section */
		6507FAE928F6AAF40013813A /* VirtualLabView.swift in Sources */ = {isa = PBXBuildFile; fileRef = 6507FAE828F6AAF40013813A /* VirtualLabView.swift */; };
		65093A6428F2FB9B00538549 /* BranchItemView.swift in Sources */ = {isa = PBXBuildFile; fileRef = 65093A6328F2FB9B00538549 /* BranchItemView.swift */; };
		65093A6728F30BD400538549 /* LawItem.swift in Sources */ = {isa = PBXBuildFile; fileRef = 65093A6628F30BD400538549 /* LawItem.swift */; };
		650B7704290CF72100F8E1C2 /* BackButton.swift in Sources */ = {isa = PBXBuildFile; fileRef = 650B7703290CF72000F8E1C2 /* BackButton.swift */; };
		651AFC6F290D702A00719F14 /* ElementDetailView.swift in Sources */ = {isa = PBXBuildFile; fileRef = 651AFC6E290D702A00719F14 /* ElementDetailView.swift */; };
		651AFC72290D92C300719F14 /* ElementInformationView.swift in Sources */ = {isa = PBXBuildFile; fileRef = 651AFC71290D92C300719F14 /* ElementInformationView.swift */; };
		6523302F28D624D4007F18F6 /* UserDefault.swift in Sources */ = {isa = PBXBuildFile; fileRef = 6523302E28D624D4007F18F6 /* UserDefault.swift */; };
		6523303128D624FB007F18F6 /* ViewExtension.swift in Sources */ = {isa = PBXBuildFile; fileRef = 6523303028D624FB007F18F6 /* ViewExtension.swift */; };
		6523303C28D62623007F18F6 /* Bundle+Locator.swift in Sources */ = {isa = PBXBuildFile; fileRef = 6523303B28D62623007F18F6 /* Bundle+Locator.swift */; };
		6523303E28D6263C007F18F6 /* String+Localizable.swift in Sources */ = {isa = PBXBuildFile; fileRef = 6523303D28D6263C007F18F6 /* String+Localizable.swift */; };
		6523304128D62699007F18F6 /* RequestInfo.swift in Sources */ = {isa = PBXBuildFile; fileRef = 6523304028D62699007F18F6 /* RequestInfo.swift */; };
		6523304328D626A0007F18F6 /* NetworkService.swift in Sources */ = {isa = PBXBuildFile; fileRef = 6523304228D626A0007F18F6 /* NetworkService.swift */; };
		6523304528D626A7007F18F6 /* AlamofireNetworkService.swift in Sources */ = {isa = PBXBuildFile; fileRef = 6523304428D626A7007F18F6 /* AlamofireNetworkService.swift */; };
		6523304728D626AE007F18F6 /* NetworkServiceProtocol.swift in Sources */ = {isa = PBXBuildFile; fileRef = 6523304628D626AE007F18F6 /* NetworkServiceProtocol.swift */; };
		65430EE82907DAF700AA83BC /* LessonDetailView.swift in Sources */ = {isa = PBXBuildFile; fileRef = 65430EE72907DAF700AA83BC /* LessonDetailView.swift */; };
		65430EEA2907DD0800AA83BC /* WebView.swift in Sources */ = {isa = PBXBuildFile; fileRef = 65430EE92907DD0800AA83BC /* WebView.swift */; };
		654CABE928FD31B70024A228 /* AttachmentButton.swift in Sources */ = {isa = PBXBuildFile; fileRef = 654CABE828FD31B70024A228 /* AttachmentButton.swift */; };
		654CABEC28FD32080024A228 /* FloatButtonGroupView.swift in Sources */ = {isa = PBXBuildFile; fileRef = 654CABEB28FD32080024A228 /* FloatButtonGroupView.swift */; };
		65830B6C28F026EB0052BA49 /* ImageTrackingView.swift in Sources */ = {isa = PBXBuildFile; fileRef = 65830B6B28F026EB0052BA49 /* ImageTrackingView.swift */; };
		65830B9528F082AF0052BA49 /* art.scnassets in Resources */ = {isa = PBXBuildFile; fileRef = 65830B9428F082AF0052BA49 /* art.scnassets */; };
		659404EB2901361700D78A70 /* FillShape.swift in Sources */ = {isa = PBXBuildFile; fileRef = 659404EA2901361700D78A70 /* FillShape.swift */; };
		659404ED2901371300D78A70 /* WaveFillShape.swift in Sources */ = {isa = PBXBuildFile; fileRef = 659404EC2901371300D78A70 /* WaveFillShape.swift */; };
		6595DBA028F520BD00B1F503 /* VideoItemView.swift in Sources */ = {isa = PBXBuildFile; fileRef = 6595DB9F28F520BD00B1F503 /* VideoItemView.swift */; };
		6595DBA228F522FC00B1F503 /* ChapterItemView.swift in Sources */ = {isa = PBXBuildFile; fileRef = 6595DBA128F522FC00B1F503 /* ChapterItemView.swift */; };
		6595DBA728F5275100B1F503 /* ChaptersListView.swift in Sources */ = {isa = PBXBuildFile; fileRef = 6595DBA628F5275100B1F503 /* ChaptersListView.swift */; };
		6595DBAA28F52DD500B1F503 /* BackCircleButton.swift in Sources */ = {isa = PBXBuildFile; fileRef = 6595DBA928F52DD500B1F503 /* BackCircleButton.swift */; };
		6595DBAC28F5451B00B1F503 /* NavigationLazyView.swift in Sources */ = {isa = PBXBuildFile; fileRef = 6595DBAB28F5451B00B1F503 /* NavigationLazyView.swift */; };
		6595DBAE28F5553600B1F503 /* VideoDetailView.swift in Sources */ = {isa = PBXBuildFile; fileRef = 6595DBAD28F5553600B1F503 /* VideoDetailView.swift */; };
		6595DBB028F5690F00B1F503 /* ScaleButtonStyle.swift in Sources */ = {isa = PBXBuildFile; fileRef = 6595DBAF28F5690F00B1F503 /* ScaleButtonStyle.swift */; };
		65985E2928EBE04800061E68 /* MainTabView.swift in Sources */ = {isa = PBXBuildFile; fileRef = 65985E2828EBE04800061E68 /* MainTabView.swift */; };
		65985E2B28EC51A800061E68 /* splash.json in Resources */ = {isa = PBXBuildFile; fileRef = 65985E2A28EC51A800061E68 /* splash.json */; };
		65985E2D28EC560A00061E68 /* SplashAnimationView.swift in Sources */ = {isa = PBXBuildFile; fileRef = 65985E2C28EC560A00061E68 /* SplashAnimationView.swift */; };
		65985E3028EC5BCF00061E68 /* OnboardingView.swift in Sources */ = {isa = PBXBuildFile; fileRef = 65985E2F28EC5BCF00061E68 /* OnboardingView.swift */; };
		65985E3228EC5BFF00061E68 /* BoardingModel.swift in Sources */ = {isa = PBXBuildFile; fileRef = 65985E3128EC5BFF00061E68 /* BoardingModel.swift */; };
		65985E3428EC5D1800061E68 /* OffsetPageTabView.swift in Sources */ = {isa = PBXBuildFile; fileRef = 65985E3328EC5D1800061E68 /* OffsetPageTabView.swift */; };
		65985E3628EC775D00061E68 /* UserDefaultKeys.swift in Sources */ = {isa = PBXBuildFile; fileRef = 65985E3528EC775D00061E68 /* UserDefaultKeys.swift */; };
		65985E3828EC77EC00061E68 /* AppState.swift in Sources */ = {isa = PBXBuildFile; fileRef = 65985E3728EC77EC00061E68 /* AppState.swift */; };
		65A5861429010316007A0860 /* WaterFlowAnimation.swift in Sources */ = {isa = PBXBuildFile; fileRef = 65A5861329010316007A0860 /* WaterFlowAnimation.swift */; };
		65A5861629011C16007A0860 /* DropShape.swift in Sources */ = {isa = PBXBuildFile; fileRef = 65A5861529011C16007A0860 /* DropShape.swift */; };
		65A7D56629026DB0009F7206 /* DropGroupView.swift in Sources */ = {isa = PBXBuildFile; fileRef = 65A7D56529026DB0009F7206 /* DropGroupView.swift */; };
		65A86E0728F7E063007BBB16 /* CustomSceneView.swift in Sources */ = {isa = PBXBuildFile; fileRef = 65A86E0628F7E063007BBB16 /* CustomSceneView.swift */; };
		65AB8A472906801C00F13B4B /* VideosListView.swift in Sources */ = {isa = PBXBuildFile; fileRef = 65AB8A462906801C00F13B4B /* VideosListView.swift */; };
		65AF945928F18E2600B77BEB /* InformationView.swift in Sources */ = {isa = PBXBuildFile; fileRef = 65AF945828F18E2600B77BEB /* InformationView.swift */; };
		65AF945B28F1D0A500B77BEB /* Assets.xcassets in Resources */ = {isa = PBXBuildFile; fileRef = 65AF945A28F1D0A500B77BEB /* Assets.xcassets */; };
		65B0EC212902C9ED008C49E0 /* MetalGroupView.swift in Sources */ = {isa = PBXBuildFile; fileRef = 65B0EC202902C9ED008C49E0 /* MetalGroupView.swift */; };
		65B21D16290796B200D32753 /* ChemistryBranchesView.swift in Sources */ = {isa = PBXBuildFile; fileRef = 65B21D15290796B200D32753 /* ChemistryBranchesView.swift */; };
		65B21D19290796D200D32753 /* BranchLessonItemView.swift in Sources */ = {isa = PBXBuildFile; fileRef = 65B21D18290796D200D32753 /* BranchLessonItemView.swift */; };
		65B21D1D2907A81300D32753 /* ChemistryLawsView.swift in Sources */ = {isa = PBXBuildFile; fileRef = 65B21D1C2907A81300D32753 /* ChemistryLawsView.swift */; };
		65BC8BB8290927B3004CC8A1 /* TagView.swift in Sources */ = {isa = PBXBuildFile; fileRef = 65BC8BB7290927B3004CC8A1 /* TagView.swift */; };
		65D0ECBB28FFDA070006E8E9 /* BeakerShape.swift in Sources */ = {isa = PBXBuildFile; fileRef = 65D0ECBA28FFDA070006E8E9 /* BeakerShape.swift */; };
		65D0ECBD28FFDCA00006E8E9 /* TestView.swift in Sources */ = {isa = PBXBuildFile; fileRef = 65D0ECBC28FFDCA00006E8E9 /* TestView.swift */; };
		65D1ED7328FE8BBC00B9725C /* SineWaveShape.swift in Sources */ = {isa = PBXBuildFile; fileRef = 65D1ED7228FE8BBC00B9725C /* SineWaveShape.swift */; };
		65E3BDB428F275210081D29D /* CustomShape.swift in Sources */ = {isa = PBXBuildFile; fileRef = 65E3BDB328F275210081D29D /* CustomShape.swift */; };
		65E3BDB728F2BF530081D29D /* HomeView.swift in Sources */ = {isa = PBXBuildFile; fileRef = 65E3BDB628F2BF530081D29D /* HomeView.swift */; };
		65E3BDB928F2BFB30081D29D /* HeaderView.swift in Sources */ = {isa = PBXBuildFile; fileRef = 65E3BDB828F2BFB30081D29D /* HeaderView.swift */; };
		65E3BDBB28F2C4DC0081D29D /* ProgramItemView.swift in Sources */ = {isa = PBXBuildFile; fileRef = 65E3BDBA28F2C4DC0081D29D /* ProgramItemView.swift */; };
		65E46FB728E1BA630051A150 /* AppConstant.swift in Sources */ = {isa = PBXBuildFile; fileRef = 65E46FB628E1BA630051A150 /* AppConstant.swift */; };
		65ED401128D5FE9D000F7477 /* ChemistryARApp.swift in Sources */ = {isa = PBXBuildFile; fileRef = 65ED401028D5FE9D000F7477 /* ChemistryARApp.swift */; };
		65ED401328D5FE9D000F7477 /* ContentView.swift in Sources */ = {isa = PBXBuildFile; fileRef = 65ED401228D5FE9D000F7477 /* ContentView.swift */; };
		65ED401828D5FEA5000F7477 /* Preview Assets.xcassets in Resources */ = {isa = PBXBuildFile; fileRef = 65ED401728D5FEA5000F7477 /* Preview Assets.xcassets */; };
		65ED403728D60434000F7477 /* ColorExtension.swift in Sources */ = {isa = PBXBuildFile; fileRef = 65ED403628D60434000F7477 /* ColorExtension.swift */; };
		65ED403928D606CC000F7477 /* Logger.swift in Sources */ = {isa = PBXBuildFile; fileRef = 65ED403828D606CC000F7477 /* Logger.swift */; };
		65ED403B28D606E9000F7477 /* ServerConstant.swift in Sources */ = {isa = PBXBuildFile; fileRef = 65ED403A28D606E9000F7477 /* ServerConstant.swift */; };
		65ED403D28D606F6000F7477 /* DIContainer.swift in Sources */ = {isa = PBXBuildFile; fileRef = 65ED403C28D606F6000F7477 /* DIContainer.swift */; };
		E7EFBEBD7D064843085F995E /* Pods_ChemistryAR.framework in Frameworks */ = {isa = PBXBuildFile; fileRef = 69C29B6DA53CABA3BA48A514 /* Pods_ChemistryAR.framework */; };
/* End PBXBuildFile section */

/* Begin PBXFileReference section */
		26EA850E32323879880D3AB7 /* Pods-ChemistryAR.debug.xcconfig */ = {isa = PBXFileReference; includeInIndex = 1; lastKnownFileType = text.xcconfig; name = "Pods-ChemistryAR.debug.xcconfig"; path = "Target Support Files/Pods-ChemistryAR/Pods-ChemistryAR.debug.xcconfig"; sourceTree = "<group>"; };
		6507FAE828F6AAF40013813A /* VirtualLabView.swift */ = {isa = PBXFileReference; lastKnownFileType = sourcecode.swift; path = VirtualLabView.swift; sourceTree = "<group>"; };
		65093A6328F2FB9B00538549 /* BranchItemView.swift */ = {isa = PBXFileReference; lastKnownFileType = sourcecode.swift; path = BranchItemView.swift; sourceTree = "<group>"; };
		65093A6628F30BD400538549 /* LawItem.swift */ = {isa = PBXFileReference; lastKnownFileType = sourcecode.swift; path = LawItem.swift; sourceTree = "<group>"; };
		650B7703290CF72000F8E1C2 /* BackButton.swift */ = {isa = PBXFileReference; lastKnownFileType = sourcecode.swift; path = BackButton.swift; sourceTree = "<group>"; };
		651AFC6E290D702A00719F14 /* ElementDetailView.swift */ = {isa = PBXFileReference; lastKnownFileType = sourcecode.swift; path = ElementDetailView.swift; sourceTree = "<group>"; };
		651AFC71290D92C300719F14 /* ElementInformationView.swift */ = {isa = PBXFileReference; lastKnownFileType = sourcecode.swift; path = ElementInformationView.swift; sourceTree = "<group>"; };
		6523302E28D624D4007F18F6 /* UserDefault.swift */ = {isa = PBXFileReference; lastKnownFileType = sourcecode.swift; path = UserDefault.swift; sourceTree = "<group>"; };
		6523303028D624FB007F18F6 /* ViewExtension.swift */ = {isa = PBXFileReference; lastKnownFileType = sourcecode.swift; path = ViewExtension.swift; sourceTree = "<group>"; };
		6523303B28D62623007F18F6 /* Bundle+Locator.swift */ = {isa = PBXFileReference; lastKnownFileType = sourcecode.swift; path = "Bundle+Locator.swift"; sourceTree = "<group>"; };
		6523303D28D6263C007F18F6 /* String+Localizable.swift */ = {isa = PBXFileReference; lastKnownFileType = sourcecode.swift; path = "String+Localizable.swift"; sourceTree = "<group>"; };
		6523304028D62699007F18F6 /* RequestInfo.swift */ = {isa = PBXFileReference; lastKnownFileType = sourcecode.swift; path = RequestInfo.swift; sourceTree = "<group>"; };
		6523304228D626A0007F18F6 /* NetworkService.swift */ = {isa = PBXFileReference; lastKnownFileType = sourcecode.swift; path = NetworkService.swift; sourceTree = "<group>"; };
		6523304428D626A7007F18F6 /* AlamofireNetworkService.swift */ = {isa = PBXFileReference; lastKnownFileType = sourcecode.swift; path = AlamofireNetworkService.swift; sourceTree = "<group>"; };
		6523304628D626AE007F18F6 /* NetworkServiceProtocol.swift */ = {isa = PBXFileReference; lastKnownFileType = sourcecode.swift; path = NetworkServiceProtocol.swift; sourceTree = "<group>"; };
		65430EE72907DAF700AA83BC /* LessonDetailView.swift */ = {isa = PBXFileReference; lastKnownFileType = sourcecode.swift; path = LessonDetailView.swift; sourceTree = "<group>"; };
		65430EE92907DD0800AA83BC /* WebView.swift */ = {isa = PBXFileReference; lastKnownFileType = sourcecode.swift; path = WebView.swift; sourceTree = "<group>"; };
		654CABE828FD31B70024A228 /* AttachmentButton.swift */ = {isa = PBXFileReference; lastKnownFileType = sourcecode.swift; path = AttachmentButton.swift; sourceTree = "<group>"; };
		654CABEB28FD32080024A228 /* FloatButtonGroupView.swift */ = {isa = PBXFileReference; lastKnownFileType = sourcecode.swift; path = FloatButtonGroupView.swift; sourceTree = "<group>"; };
		65830B6B28F026EB0052BA49 /* ImageTrackingView.swift */ = {isa = PBXFileReference; lastKnownFileType = sourcecode.swift; path = ImageTrackingView.swift; sourceTree = "<group>"; };
		65830B9428F082AF0052BA49 /* art.scnassets */ = {isa = PBXFileReference; lastKnownFileType = wrapper.scnassets; path = art.scnassets; sourceTree = "<group>"; };
		65830B9728F082C90052BA49 /* Localization.swift */ = {isa = PBXFileReference; lastKnownFileType = sourcecode.swift; path = Localization.swift; sourceTree = "<group>"; };
		65830B9828F082C90052BA49 /* Localizable(English).strings */ = {isa = PBXFileReference; lastKnownFileType = text.plist.strings; path = "Localizable(English).strings"; sourceTree = "<group>"; };
		65830B9928F082C90052BA49 /* Localizable(Vietnamese).strings */ = {isa = PBXFileReference; lastKnownFileType = text.plist.strings; path = "Localizable(Vietnamese).strings"; sourceTree = "<group>"; };
		659404EA2901361700D78A70 /* FillShape.swift */ = {isa = PBXFileReference; lastKnownFileType = sourcecode.swift; path = FillShape.swift; sourceTree = "<group>"; };
		659404EC2901371300D78A70 /* WaveFillShape.swift */ = {isa = PBXFileReference; lastKnownFileType = sourcecode.swift; path = WaveFillShape.swift; sourceTree = "<group>"; };
		6595DB9F28F520BD00B1F503 /* VideoItemView.swift */ = {isa = PBXFileReference; lastKnownFileType = sourcecode.swift; path = VideoItemView.swift; sourceTree = "<group>"; };
		6595DBA128F522FC00B1F503 /* ChapterItemView.swift */ = {isa = PBXFileReference; lastKnownFileType = sourcecode.swift; path = ChapterItemView.swift; sourceTree = "<group>"; };
		6595DBA628F5275100B1F503 /* ChaptersListView.swift */ = {isa = PBXFileReference; lastKnownFileType = sourcecode.swift; path = ChaptersListView.swift; sourceTree = "<group>"; };
		6595DBA928F52DD500B1F503 /* BackCircleButton.swift */ = {isa = PBXFileReference; lastKnownFileType = sourcecode.swift; path = BackCircleButton.swift; sourceTree = "<group>"; };
		6595DBAB28F5451B00B1F503 /* NavigationLazyView.swift */ = {isa = PBXFileReference; lastKnownFileType = sourcecode.swift; path = NavigationLazyView.swift; sourceTree = "<group>"; };
		6595DBAD28F5553600B1F503 /* VideoDetailView.swift */ = {isa = PBXFileReference; lastKnownFileType = sourcecode.swift; path = VideoDetailView.swift; sourceTree = "<group>"; };
		6595DBAF28F5690F00B1F503 /* ScaleButtonStyle.swift */ = {isa = PBXFileReference; lastKnownFileType = sourcecode.swift; path = ScaleButtonStyle.swift; sourceTree = "<group>"; };
		65985E2828EBE04800061E68 /* MainTabView.swift */ = {isa = PBXFileReference; lastKnownFileType = sourcecode.swift; path = MainTabView.swift; sourceTree = "<group>"; };
		65985E2A28EC51A800061E68 /* splash.json */ = {isa = PBXFileReference; fileEncoding = 4; lastKnownFileType = text.json; path = splash.json; sourceTree = "<group>"; };
		65985E2C28EC560A00061E68 /* SplashAnimationView.swift */ = {isa = PBXFileReference; lastKnownFileType = sourcecode.swift; path = SplashAnimationView.swift; sourceTree = "<group>"; };
		65985E2F28EC5BCF00061E68 /* OnboardingView.swift */ = {isa = PBXFileReference; lastKnownFileType = sourcecode.swift; path = OnboardingView.swift; sourceTree = "<group>"; };
		65985E3128EC5BFF00061E68 /* BoardingModel.swift */ = {isa = PBXFileReference; lastKnownFileType = sourcecode.swift; path = BoardingModel.swift; sourceTree = "<group>"; };
		65985E3328EC5D1800061E68 /* OffsetPageTabView.swift */ = {isa = PBXFileReference; lastKnownFileType = sourcecode.swift; path = OffsetPageTabView.swift; sourceTree = "<group>"; };
		65985E3528EC775D00061E68 /* UserDefaultKeys.swift */ = {isa = PBXFileReference; lastKnownFileType = sourcecode.swift; path = UserDefaultKeys.swift; sourceTree = "<group>"; };
		65985E3728EC77EC00061E68 /* AppState.swift */ = {isa = PBXFileReference; lastKnownFileType = sourcecode.swift; path = AppState.swift; sourceTree = "<group>"; };
		65A5861329010316007A0860 /* WaterFlowAnimation.swift */ = {isa = PBXFileReference; lastKnownFileType = sourcecode.swift; path = WaterFlowAnimation.swift; sourceTree = "<group>"; };
		65A5861529011C16007A0860 /* DropShape.swift */ = {isa = PBXFileReference; lastKnownFileType = sourcecode.swift; path = DropShape.swift; sourceTree = "<group>"; };
		65A7D56529026DB0009F7206 /* DropGroupView.swift */ = {isa = PBXFileReference; lastKnownFileType = sourcecode.swift; path = DropGroupView.swift; sourceTree = "<group>"; };
		65A86E0628F7E063007BBB16 /* CustomSceneView.swift */ = {isa = PBXFileReference; lastKnownFileType = sourcecode.swift; path = CustomSceneView.swift; sourceTree = "<group>"; };
		65AB8A462906801C00F13B4B /* VideosListView.swift */ = {isa = PBXFileReference; lastKnownFileType = sourcecode.swift; path = VideosListView.swift; sourceTree = "<group>"; };
		65AF945828F18E2600B77BEB /* InformationView.swift */ = {isa = PBXFileReference; lastKnownFileType = sourcecode.swift; path = InformationView.swift; sourceTree = "<group>"; };
		65AF945A28F1D0A500B77BEB /* Assets.xcassets */ = {isa = PBXFileReference; lastKnownFileType = folder.assetcatalog; path = Assets.xcassets; sourceTree = "<group>"; };
		65B0EC202902C9ED008C49E0 /* MetalGroupView.swift */ = {isa = PBXFileReference; lastKnownFileType = sourcecode.swift; path = MetalGroupView.swift; sourceTree = "<group>"; };
		65B21D15290796B200D32753 /* ChemistryBranchesView.swift */ = {isa = PBXFileReference; lastKnownFileType = sourcecode.swift; path = ChemistryBranchesView.swift; sourceTree = "<group>"; };
		65B21D18290796D200D32753 /* BranchLessonItemView.swift */ = {isa = PBXFileReference; lastKnownFileType = sourcecode.swift; path = BranchLessonItemView.swift; sourceTree = "<group>"; };
		65B21D1C2907A81300D32753 /* ChemistryLawsView.swift */ = {isa = PBXFileReference; lastKnownFileType = sourcecode.swift; path = ChemistryLawsView.swift; sourceTree = "<group>"; };
		65BC8BB7290927B3004CC8A1 /* TagView.swift */ = {isa = PBXFileReference; lastKnownFileType = sourcecode.swift; path = TagView.swift; sourceTree = "<group>"; };
		65D0ECBA28FFDA070006E8E9 /* BeakerShape.swift */ = {isa = PBXFileReference; lastKnownFileType = sourcecode.swift; path = BeakerShape.swift; sourceTree = "<group>"; };
		65D0ECBC28FFDCA00006E8E9 /* TestView.swift */ = {isa = PBXFileReference; lastKnownFileType = sourcecode.swift; path = TestView.swift; sourceTree = "<group>"; };
		65D1ED7228FE8BBC00B9725C /* SineWaveShape.swift */ = {isa = PBXFileReference; fileEncoding = 4; lastKnownFileType = sourcecode.swift; path = SineWaveShape.swift; sourceTree = "<group>"; };
		65E3BDB328F275210081D29D /* CustomShape.swift */ = {isa = PBXFileReference; lastKnownFileType = sourcecode.swift; path = CustomShape.swift; sourceTree = "<group>"; };
		65E3BDB628F2BF530081D29D /* HomeView.swift */ = {isa = PBXFileReference; lastKnownFileType = sourcecode.swift; path = HomeView.swift; sourceTree = "<group>"; };
		65E3BDB828F2BFB30081D29D /* HeaderView.swift */ = {isa = PBXFileReference; lastKnownFileType = sourcecode.swift; path = HeaderView.swift; sourceTree = "<group>"; };
		65E3BDBA28F2C4DC0081D29D /* ProgramItemView.swift */ = {isa = PBXFileReference; lastKnownFileType = sourcecode.swift; path = ProgramItemView.swift; sourceTree = "<group>"; };
		65E46FB628E1BA630051A150 /* AppConstant.swift */ = {isa = PBXFileReference; lastKnownFileType = sourcecode.swift; path = AppConstant.swift; sourceTree = "<group>"; };
		65ED400D28D5FE9D000F7477 /* ChemistryAR.app */ = {isa = PBXFileReference; explicitFileType = wrapper.application; includeInIndex = 0; path = ChemistryAR.app; sourceTree = BUILT_PRODUCTS_DIR; };
		65ED401028D5FE9D000F7477 /* ChemistryARApp.swift */ = {isa = PBXFileReference; lastKnownFileType = sourcecode.swift; path = ChemistryARApp.swift; sourceTree = "<group>"; };
		65ED401228D5FE9D000F7477 /* ContentView.swift */ = {isa = PBXFileReference; lastKnownFileType = sourcecode.swift; path = ContentView.swift; sourceTree = "<group>"; };
		65ED401728D5FEA5000F7477 /* Preview Assets.xcassets */ = {isa = PBXFileReference; lastKnownFileType = folder.assetcatalog; path = "Preview Assets.xcassets"; sourceTree = "<group>"; };
		65ED403628D60434000F7477 /* ColorExtension.swift */ = {isa = PBXFileReference; lastKnownFileType = sourcecode.swift; path = ColorExtension.swift; sourceTree = "<group>"; };
		65ED403828D606CC000F7477 /* Logger.swift */ = {isa = PBXFileReference; lastKnownFileType = sourcecode.swift; path = Logger.swift; sourceTree = "<group>"; };
		65ED403A28D606E9000F7477 /* ServerConstant.swift */ = {isa = PBXFileReference; lastKnownFileType = sourcecode.swift; path = ServerConstant.swift; sourceTree = "<group>"; };
		65ED403C28D606F6000F7477 /* DIContainer.swift */ = {isa = PBXFileReference; lastKnownFileType = sourcecode.swift; path = DIContainer.swift; sourceTree = "<group>"; };
		69C29B6DA53CABA3BA48A514 /* Pods_ChemistryAR.framework */ = {isa = PBXFileReference; explicitFileType = wrapper.framework; includeInIndex = 0; path = Pods_ChemistryAR.framework; sourceTree = BUILT_PRODUCTS_DIR; };
		FF952D4FAD307029EDE348AF /* Pods-ChemistryAR.release.xcconfig */ = {isa = PBXFileReference; includeInIndex = 1; lastKnownFileType = text.xcconfig; name = "Pods-ChemistryAR.release.xcconfig"; path = "Target Support Files/Pods-ChemistryAR/Pods-ChemistryAR.release.xcconfig"; sourceTree = "<group>"; };
/* End PBXFileReference section */

/* Begin PBXFrameworksBuildPhase section */
		65ED400A28D5FE9D000F7477 /* Frameworks */ = {
			isa = PBXFrameworksBuildPhase;
			buildActionMask = 2147483647;
			files = (
				E7EFBEBD7D064843085F995E /* Pods_ChemistryAR.framework in Frameworks */,
			);
			runOnlyForDeploymentPostprocessing = 0;
		};
/* End PBXFrameworksBuildPhase section */

/* Begin PBXGroup section */
		65093A6528F2FE7A00538549 /* Manage */ = {
			isa = PBXGroup;
			children = (
			);
			path = Manage;
			sourceTree = "<group>";
		};
		651AFC6D290D700900719F14 /* ElementDetail */ = {
			isa = PBXGroup;
			children = (
				651AFC70290D92A700719F14 /* Components */,
				651AFC6E290D702A00719F14 /* ElementDetailView.swift */,
			);
			path = ElementDetail;
			sourceTree = "<group>";
		};
		651AFC70290D92A700719F14 /* Components */ = {
			isa = PBXGroup;
			children = (
				651AFC71290D92C300719F14 /* ElementInformationView.swift */,
			);
			path = Components;
			sourceTree = "<group>";
		};
		6523303F28D62677007F18F6 /* Helper */ = {
			isa = PBXGroup;
			children = (
				65E46FB628E1BA630051A150 /* AppConstant.swift */,
				65985E3728EC77EC00061E68 /* AppState.swift */,
				65ED403828D606CC000F7477 /* Logger.swift */,
				65985E3528EC775D00061E68 /* UserDefaultKeys.swift */,
			);
			path = Helper;
			sourceTree = "<group>";
		};
		65430EE62907DADC00AA83BC /* LessonDetail */ = {
			isa = PBXGroup;
			children = (
				65430EE72907DAF700AA83BC /* LessonDetailView.swift */,
			);
			path = LessonDetail;
			sourceTree = "<group>";
		};
		654CABEA28FD31EF0024A228 /* Components */ = {
			isa = PBXGroup;
			children = (
				654CABEB28FD32080024A228 /* FloatButtonGroupView.swift */,
				65A7D56529026DB0009F7206 /* DropGroupView.swift */,
				65B0EC202902C9ED008C49E0 /* MetalGroupView.swift */,
				65A5861329010316007A0860 /* WaterFlowAnimation.swift */,
			);
			path = Components;
			sourceTree = "<group>";
		};
		65830B9628F082C90052BA49 /* Localization */ = {
			isa = PBXGroup;
			children = (
				65830B9728F082C90052BA49 /* Localization.swift */,
				65830B9828F082C90052BA49 /* Localizable(English).strings */,
				65830B9928F082C90052BA49 /* Localizable(Vietnamese).strings */,
			);
			path = Localization;
			sourceTree = "<group>";
		};
		6590541C28F69F2A00FF5061 /* VirtualLab */ = {
			isa = PBXGroup;
			children = (
				654CABEA28FD31EF0024A228 /* Components */,
				6507FAE828F6AAF40013813A /* VirtualLabView.swift */,
			);
			path = VirtualLab;
			sourceTree = "<group>";
		};
		6595DBA328F526CE00B1F503 /* Components */ = {
			isa = PBXGroup;
			children = (
				65E3BDBA28F2C4DC0081D29D /* ProgramItemView.swift */,
				65093A6328F2FB9B00538549 /* BranchItemView.swift */,
				65093A6628F30BD400538549 /* LawItem.swift */,
			);
			path = Components;
			sourceTree = "<group>";
		};
		6595DBA428F526FE00B1F503 /* ClassProgram */ = {
			isa = PBXGroup;
			children = (
				6595DBA528F5273300B1F503 /* Components */,
				6595DBA628F5275100B1F503 /* ChaptersListView.swift */,
				6595DBAD28F5553600B1F503 /* VideoDetailView.swift */,
				65AB8A462906801C00F13B4B /* VideosListView.swift */,
			);
			path = ClassProgram;
			sourceTree = "<group>";
		};
		6595DBA528F5273300B1F503 /* Components */ = {
			isa = PBXGroup;
			children = (
				6595DB9F28F520BD00B1F503 /* VideoItemView.swift */,
				6595DBA128F522FC00B1F503 /* ChapterItemView.swift */,
			);
			path = Components;
			sourceTree = "<group>";
		};
		6595DBA828F52DC500B1F503 /* Commons */ = {
			isa = PBXGroup;
			children = (
				65C61D1B28FFA78400883BF5 /* Shapes */,
				65A7D56729026E8A009F7206 /* Views */,
			);
			path = Commons;
			sourceTree = "<group>";
		};
		65985E2628EBDFF900061E68 /* SwiftUIView */ = {
			isa = PBXGroup;
			children = (
				651AFC6D290D700900719F14 /* ElementDetail */,
				65985E2728EBE01A00061E68 /* BaseView */,
				65E3BDB528F2BF3C0081D29D /* Home */,
				65430EE62907DADC00AA83BC /* LessonDetail */,
				65B21D1A2907A7F400D32753 /* ChemistryLaw */,
				65B21D142907966D00D32753 /* ChemistryBranch */,
				6590541C28F69F2A00FF5061 /* VirtualLab */,
				6595DBA428F526FE00B1F503 /* ClassProgram */,
				65AF945728F18DA300B77BEB /* Information */,
				65985E2E28EC5BB500061E68 /* Onboarding */,
			);
			path = SwiftUIView;
			sourceTree = "<group>";
		};
		65985E2728EBE01A00061E68 /* BaseView */ = {
			isa = PBXGroup;
			children = (
				65985E2C28EC560A00061E68 /* SplashAnimationView.swift */,
				65985E2828EBE04800061E68 /* MainTabView.swift */,
				65E3BDB328F275210081D29D /* CustomShape.swift */,
			);
			path = BaseView;
			sourceTree = "<group>";
		};
		65985E2E28EC5BB500061E68 /* Onboarding */ = {
			isa = PBXGroup;
			children = (
				65985E3128EC5BFF00061E68 /* BoardingModel.swift */,
				65985E2F28EC5BCF00061E68 /* OnboardingView.swift */,
				65985E3328EC5D1800061E68 /* OffsetPageTabView.swift */,
			);
			path = Onboarding;
			sourceTree = "<group>";
		};
		65A7D56729026E8A009F7206 /* Views */ = {
			isa = PBXGroup;
			children = (
				6595DBA928F52DD500B1F503 /* BackCircleButton.swift */,
				650B7703290CF72000F8E1C2 /* BackButton.swift */,
				6595DBAB28F5451B00B1F503 /* NavigationLazyView.swift */,
				6595DBAF28F5690F00B1F503 /* ScaleButtonStyle.swift */,
				654CABE828FD31B70024A228 /* AttachmentButton.swift */,
				65A86E0628F7E063007BBB16 /* CustomSceneView.swift */,
				65430EE92907DD0800AA83BC /* WebView.swift */,
				65BC8BB7290927B3004CC8A1 /* TagView.swift */,
			);
			path = Views;
			sourceTree = "<group>";
		};
		65AF945728F18DA300B77BEB /* Information */ = {
			isa = PBXGroup;
			children = (
				65AF945828F18E2600B77BEB /* InformationView.swift */,
			);
			path = Information;
			sourceTree = "<group>";
		};
		65B21D142907966D00D32753 /* ChemistryBranch */ = {
			isa = PBXGroup;
			children = (
				65B21D17290796B600D32753 /* Components */,
				65B21D15290796B200D32753 /* ChemistryBranchesView.swift */,
			);
			path = ChemistryBranch;
			sourceTree = "<group>";
		};
		65B21D17290796B600D32753 /* Components */ = {
			isa = PBXGroup;
			children = (
				65B21D18290796D200D32753 /* BranchLessonItemView.swift */,
			);
			path = Components;
			sourceTree = "<group>";
		};
		65B21D1A2907A7F400D32753 /* ChemistryLaw */ = {
			isa = PBXGroup;
			children = (
				65B21D1C2907A81300D32753 /* ChemistryLawsView.swift */,
			);
			path = ChemistryLaw;
			sourceTree = "<group>";
		};
		65C1693128DAA71F004406CA /* AR Views */ = {
			isa = PBXGroup;
			children = (
				65830B6B28F026EB0052BA49 /* ImageTrackingView.swift */,
			);
			path = "AR Views";
			sourceTree = "<group>";
		};
		65C61D1B28FFA78400883BF5 /* Shapes */ = {
			isa = PBXGroup;
			children = (
				65D1ED7228FE8BBC00B9725C /* SineWaveShape.swift */,
				65D0ECBA28FFDA070006E8E9 /* BeakerShape.swift */,
				65A5861529011C16007A0860 /* DropShape.swift */,
				659404EA2901361700D78A70 /* FillShape.swift */,
				659404EC2901371300D78A70 /* WaveFillShape.swift */,
			);
			path = Shapes;
			sourceTree = "<group>";
		};
		65E3BDB528F2BF3C0081D29D /* Home */ = {
			isa = PBXGroup;
			children = (
				6595DBA328F526CE00B1F503 /* Components */,
				65E3BDB628F2BF530081D29D /* HomeView.swift */,
				65E3BDB828F2BFB30081D29D /* HeaderView.swift */,
			);
			path = Home;
			sourceTree = "<group>";
		};
		65ED400428D5FE9D000F7477 = {
			isa = PBXGroup;
			children = (
				65ED400F28D5FE9D000F7477 /* ChemistryAR */,
				65ED400E28D5FE9D000F7477 /* Products */,
				75D4713C920CE1D0A6D35317 /* Pods */,
				C3510D40054748E7B58F712F /* Frameworks */,
			);
			sourceTree = "<group>";
		};
		65ED400E28D5FE9D000F7477 /* Products */ = {
			isa = PBXGroup;
			children = (
				65ED400D28D5FE9D000F7477 /* ChemistryAR.app */,
			);
			name = Products;
			sourceTree = "<group>";
		};
		65ED400F28D5FE9D000F7477 /* ChemistryAR */ = {
			isa = PBXGroup;
			children = (
				65093A6528F2FE7A00538549 /* Manage */,
				65ED401E28D6009F000F7477 /* Config */,
				65ED401F28D600C0000F7477 /* Resources */,
				65ED402928D60164000F7477 /* DataInfrastructure */,
				65ED402528D60132000F7477 /* Domain */,
				65ED402128D600E7000F7477 /* Presentation */,
				65ED402028D600D6000F7477 /* Utils */,
				65ED401628D5FEA5000F7477 /* Preview Content */,
			);
			path = ChemistryAR;
			sourceTree = "<group>";
		};
		65ED401628D5FEA5000F7477 /* Preview Content */ = {
			isa = PBXGroup;
			children = (
				65ED401728D5FEA5000F7477 /* Preview Assets.xcassets */,
			);
			path = "Preview Content";
			sourceTree = "<group>";
		};
		65ED401E28D6009F000F7477 /* Config */ = {
			isa = PBXGroup;
			children = (
				65ED401028D5FE9D000F7477 /* ChemistryARApp.swift */,
				65ED401228D5FE9D000F7477 /* ContentView.swift */,
				65D0ECBC28FFDCA00006E8E9 /* TestView.swift */,
			);
			path = Config;
			sourceTree = "<group>";
		};
		65ED401F28D600C0000F7477 /* Resources */ = {
			isa = PBXGroup;
			children = (
				65AF945A28F1D0A500B77BEB /* Assets.xcassets */,
				65830B9428F082AF0052BA49 /* art.scnassets */,
				65985E2A28EC51A800061E68 /* splash.json */,
				65830B9628F082C90052BA49 /* Localization */,
			);
			path = Resources;
			sourceTree = "<group>";
		};
		65ED402028D600D6000F7477 /* Utils */ = {
			isa = PBXGroup;
			children = (
				6523303F28D62677007F18F6 /* Helper */,
				65ED403328D603D9000F7477 /* BaseService */,
				65ED403228D603CD000F7477 /* Extensions */,
			);
			path = Utils;
			sourceTree = "<group>";
		};
		65ED402128D600E7000F7477 /* Presentation */ = {
			isa = PBXGroup;
			children = (
				65ED402328D60120000F7477 /* Views */,
				65ED402228D60119000F7477 /* ViewModels */,
			);
			path = Presentation;
			sourceTree = "<group>";
		};
		65ED402228D60119000F7477 /* ViewModels */ = {
			isa = PBXGroup;
			children = (
			);
			path = ViewModels;
			sourceTree = "<group>";
		};
		65ED402328D60120000F7477 /* Views */ = {
			isa = PBXGroup;
			children = (
				6595DBA828F52DC500B1F503 /* Commons */,
				65985E2628EBDFF900061E68 /* SwiftUIView */,
				65C1693128DAA71F004406CA /* AR Views */,
			);
			path = Views;
			sourceTree = "<group>";
		};
		65ED402528D60132000F7477 /* Domain */ = {
			isa = PBXGroup;
			children = (
				65ED402628D60147000F7477 /* Application */,
				65ED402828D60157000F7477 /* DomainModel */,
			);
			path = Domain;
			sourceTree = "<group>";
		};
		65ED402628D60147000F7477 /* Application */ = {
			isa = PBXGroup;
			children = (
				65ED402728D60150000F7477 /* UseCases */,
			);
			path = Application;
			sourceTree = "<group>";
		};
		65ED402728D60150000F7477 /* UseCases */ = {
			isa = PBXGroup;
			children = (
			);
			path = UseCases;
			sourceTree = "<group>";
		};
		65ED402828D60157000F7477 /* DomainModel */ = {
			isa = PBXGroup;
			children = (
				65ED402A28D60176000F7477 /* Repositories */,
				65ED402B28D60187000F7477 /* Model */,
			);
			path = DomainModel;
			sourceTree = "<group>";
		};
		65ED402928D60164000F7477 /* DataInfrastructure */ = {
			isa = PBXGroup;
			children = (
				65ED402C28D601E5000F7477 /* Connection */,
				65ED403128D6022A000F7477 /* Mapper */,
				65ED403028D6021A000F7477 /* Entities */,
			);
			path = DataInfrastructure;
			sourceTree = "<group>";
		};
		65ED402A28D60176000F7477 /* Repositories */ = {
			isa = PBXGroup;
			children = (
			);
			path = Repositories;
			sourceTree = "<group>";
		};
		65ED402B28D60187000F7477 /* Model */ = {
			isa = PBXGroup;
			children = (
			);
			path = Model;
			sourceTree = "<group>";
		};
		65ED402C28D601E5000F7477 /* Connection */ = {
			isa = PBXGroup;
			children = (
				65ED402E28D60205000F7477 /* DB */,
				65ED402D28D601F2000F7477 /* Http */,
			);
			path = Connection;
			sourceTree = "<group>";
		};
		65ED402D28D601F2000F7477 /* Http */ = {
			isa = PBXGroup;
			children = (
			);
			path = Http;
			sourceTree = "<group>";
		};
		65ED402E28D60205000F7477 /* DB */ = {
			isa = PBXGroup;
			children = (
				65ED402F28D60211000F7477 /* UserDefaults */,
			);
			path = DB;
			sourceTree = "<group>";
		};
		65ED402F28D60211000F7477 /* UserDefaults */ = {
			isa = PBXGroup;
			children = (
			);
			path = UserDefaults;
			sourceTree = "<group>";
		};
		65ED403028D6021A000F7477 /* Entities */ = {
			isa = PBXGroup;
			children = (
			);
			path = Entities;
			sourceTree = "<group>";
		};
		65ED403128D6022A000F7477 /* Mapper */ = {
			isa = PBXGroup;
			children = (
			);
			path = Mapper;
			sourceTree = "<group>";
		};
		65ED403228D603CD000F7477 /* Extensions */ = {
			isa = PBXGroup;
			children = (
				65ED403528D60418000F7477 /* Foundation */,
				65ED403428D6040A000F7477 /* View */,
			);
			path = Extensions;
			sourceTree = "<group>";
		};
		65ED403328D603D9000F7477 /* BaseService */ = {
			isa = PBXGroup;
			children = (
				6523304628D626AE007F18F6 /* NetworkServiceProtocol.swift */,
				6523304428D626A7007F18F6 /* AlamofireNetworkService.swift */,
				6523304228D626A0007F18F6 /* NetworkService.swift */,
				6523304028D62699007F18F6 /* RequestInfo.swift */,
				65ED403C28D606F6000F7477 /* DIContainer.swift */,
				65ED403A28D606E9000F7477 /* ServerConstant.swift */,
			);
			path = BaseService;
			sourceTree = "<group>";
		};
		65ED403428D6040A000F7477 /* View */ = {
			isa = PBXGroup;
			children = (
				6523303028D624FB007F18F6 /* ViewExtension.swift */,
			);
			path = View;
			sourceTree = "<group>";
		};
		65ED403528D60418000F7477 /* Foundation */ = {
			isa = PBXGroup;
			children = (
				65ED403628D60434000F7477 /* ColorExtension.swift */,
				6523302E28D624D4007F18F6 /* UserDefault.swift */,
				6523303B28D62623007F18F6 /* Bundle+Locator.swift */,
				6523303D28D6263C007F18F6 /* String+Localizable.swift */,
			);
			path = Foundation;
			sourceTree = "<group>";
		};
		75D4713C920CE1D0A6D35317 /* Pods */ = {
			isa = PBXGroup;
			children = (
				26EA850E32323879880D3AB7 /* Pods-ChemistryAR.debug.xcconfig */,
				FF952D4FAD307029EDE348AF /* Pods-ChemistryAR.release.xcconfig */,
			);
			path = Pods;
			sourceTree = "<group>";
		};
		C3510D40054748E7B58F712F /* Frameworks */ = {
			isa = PBXGroup;
			children = (
				69C29B6DA53CABA3BA48A514 /* Pods_ChemistryAR.framework */,
			);
			name = Frameworks;
			sourceTree = "<group>";
		};
/* End PBXGroup section */

/* Begin PBXNativeTarget section */
		65ED400C28D5FE9D000F7477 /* ChemistryAR */ = {
			isa = PBXNativeTarget;
			buildConfigurationList = 65ED401B28D5FEA5000F7477 /* Build configuration list for PBXNativeTarget "ChemistryAR" */;
			buildPhases = (
				7A63C5A5645C82403FBA2BA2 /* [CP] Check Pods Manifest.lock */,
				65ED400928D5FE9D000F7477 /* Sources */,
				65ED400A28D5FE9D000F7477 /* Frameworks */,
				65ED400B28D5FE9D000F7477 /* Resources */,
				409ED7FB0E0485EE92F749E5 /* [CP] Embed Pods Frameworks */,
			);
			buildRules = (
			);
			dependencies = (
			);
			name = ChemistryAR;
			packageProductDependencies = (
			);
			productName = ChemistryAR;
			productReference = 65ED400D28D5FE9D000F7477 /* ChemistryAR.app */;
			productType = "com.apple.product-type.application";
		};
/* End PBXNativeTarget section */

/* Begin PBXProject section */
		65ED400528D5FE9D000F7477 /* Project object */ = {
			isa = PBXProject;
			attributes = {
				BuildIndependentTargetsInParallel = 1;
				LastSwiftUpdateCheck = 1340;
				LastUpgradeCheck = 1340;
				TargetAttributes = {
					65ED400C28D5FE9D000F7477 = {
						CreatedOnToolsVersion = 13.4.1;
					};
				};
			};
			buildConfigurationList = 65ED400828D5FE9D000F7477 /* Build configuration list for PBXProject "ChemistryAR" */;
			compatibilityVersion = "Xcode 13.0";
			developmentRegion = en;
			hasScannedForEncodings = 0;
			knownRegions = (
				en,
				Base,
			);
			mainGroup = 65ED400428D5FE9D000F7477;
			packageReferences = (
			);
			productRefGroup = 65ED400E28D5FE9D000F7477 /* Products */;
			projectDirPath = "";
			projectRoot = "";
			targets = (
				65ED400C28D5FE9D000F7477 /* ChemistryAR */,
			);
		};
/* End PBXProject section */

/* Begin PBXResourcesBuildPhase section */
		65ED400B28D5FE9D000F7477 /* Resources */ = {
			isa = PBXResourcesBuildPhase;
			buildActionMask = 2147483647;
			files = (
				65830B9528F082AF0052BA49 /* art.scnassets in Resources */,
				65ED401828D5FEA5000F7477 /* Preview Assets.xcassets in Resources */,
				65AF945B28F1D0A500B77BEB /* Assets.xcassets in Resources */,
				65985E2B28EC51A800061E68 /* splash.json in Resources */,
			);
			runOnlyForDeploymentPostprocessing = 0;
		};
/* End PBXResourcesBuildPhase section */

/* Begin PBXShellScriptBuildPhase section */
		409ED7FB0E0485EE92F749E5 /* [CP] Embed Pods Frameworks */ = {
			isa = PBXShellScriptBuildPhase;
			buildActionMask = 2147483647;
			files = (
			);
			inputFileListPaths = (
				"${PODS_ROOT}/Target Support Files/Pods-ChemistryAR/Pods-ChemistryAR-frameworks-${CONFIGURATION}-input-files.xcfilelist",
			);
			name = "[CP] Embed Pods Frameworks";
			outputFileListPaths = (
				"${PODS_ROOT}/Target Support Files/Pods-ChemistryAR/Pods-ChemistryAR-frameworks-${CONFIGURATION}-output-files.xcfilelist",
			);
			runOnlyForDeploymentPostprocessing = 0;
			shellPath = /bin/sh;
			shellScript = "\"${PODS_ROOT}/Target Support Files/Pods-ChemistryAR/Pods-ChemistryAR-frameworks.sh\"\n";
			showEnvVarsInLog = 0;
		};
		7A63C5A5645C82403FBA2BA2 /* [CP] Check Pods Manifest.lock */ = {
			isa = PBXShellScriptBuildPhase;
			buildActionMask = 2147483647;
			files = (
			);
			inputFileListPaths = (
			);
			inputPaths = (
				"${PODS_PODFILE_DIR_PATH}/Podfile.lock",
				"${PODS_ROOT}/Manifest.lock",
			);
			name = "[CP] Check Pods Manifest.lock";
			outputFileListPaths = (
			);
			outputPaths = (
				"$(DERIVED_FILE_DIR)/Pods-ChemistryAR-checkManifestLockResult.txt",
			);
			runOnlyForDeploymentPostprocessing = 0;
			shellPath = /bin/sh;
			shellScript = "diff \"${PODS_PODFILE_DIR_PATH}/Podfile.lock\" \"${PODS_ROOT}/Manifest.lock\" > /dev/null\nif [ $? != 0 ] ; then\n    # print error to STDERR\n    echo \"error: The sandbox is not in sync with the Podfile.lock. Run 'pod install' or update your CocoaPods installation.\" >&2\n    exit 1\nfi\n# This output is used by Xcode 'outputs' to avoid re-running this script phase.\necho \"SUCCESS\" > \"${SCRIPT_OUTPUT_FILE_0}\"\n";
			showEnvVarsInLog = 0;
		};
/* End PBXShellScriptBuildPhase section */

/* Begin PBXSourcesBuildPhase section */
		65ED400928D5FE9D000F7477 /* Sources */ = {
			isa = PBXSourcesBuildPhase;
			buildActionMask = 2147483647;
			files = (
				6523303128D624FB007F18F6 /* ViewExtension.swift in Sources */,
				65985E3228EC5BFF00061E68 /* BoardingModel.swift in Sources */,
				6523304128D62699007F18F6 /* RequestInfo.swift in Sources */,
				65D0ECBB28FFDA070006E8E9 /* BeakerShape.swift in Sources */,
				659404EB2901361700D78A70 /* FillShape.swift in Sources */,
				6595DBAC28F5451B00B1F503 /* NavigationLazyView.swift in Sources */,
				654CABE928FD31B70024A228 /* AttachmentButton.swift in Sources */,
				6507FAE928F6AAF40013813A /* VirtualLabView.swift in Sources */,
				65ED401328D5FE9D000F7477 /* ContentView.swift in Sources */,
				65985E2928EBE04800061E68 /* MainTabView.swift in Sources */,
				65BC8BB8290927B3004CC8A1 /* TagView.swift in Sources */,
				65985E3628EC775D00061E68 /* UserDefaultKeys.swift in Sources */,
				65A5861629011C16007A0860 /* DropShape.swift in Sources */,
				6595DBAA28F52DD500B1F503 /* BackCircleButton.swift in Sources */,
				6595DBA028F520BD00B1F503 /* VideoItemView.swift in Sources */,
				65AF945928F18E2600B77BEB /* InformationView.swift in Sources */,
				65093A6728F30BD400538549 /* LawItem.swift in Sources */,
				6595DBA728F5275100B1F503 /* ChaptersListView.swift in Sources */,
				6523304528D626A7007F18F6 /* AlamofireNetworkService.swift in Sources */,
				65B21D1D2907A81300D32753 /* ChemistryLawsView.swift in Sources */,
				6595DBAE28F5553600B1F503 /* VideoDetailView.swift in Sources */,
				6523302F28D624D4007F18F6 /* UserDefault.swift in Sources */,
				6595DBB028F5690F00B1F503 /* ScaleButtonStyle.swift in Sources */,
				65ED401128D5FE9D000F7477 /* ChemistryARApp.swift in Sources */,
				651AFC6F290D702A00719F14 /* ElementDetailView.swift in Sources */,
				65E46FB728E1BA630051A150 /* AppConstant.swift in Sources */,
				6523303E28D6263C007F18F6 /* String+Localizable.swift in Sources */,
				65ED403728D60434000F7477 /* ColorExtension.swift in Sources */,
				6523303C28D62623007F18F6 /* Bundle+Locator.swift in Sources */,
				65ED403928D606CC000F7477 /* Logger.swift in Sources */,
				65B21D19290796D200D32753 /* BranchLessonItemView.swift in Sources */,
				65E3BDB728F2BF530081D29D /* HomeView.swift in Sources */,
				65ED403D28D606F6000F7477 /* DIContainer.swift in Sources */,
				65985E2D28EC560A00061E68 /* SplashAnimationView.swift in Sources */,
				651AFC72290D92C300719F14 /* ElementInformationView.swift in Sources */,
				65A5861429010316007A0860 /* WaterFlowAnimation.swift in Sources */,
				6523304328D626A0007F18F6 /* NetworkService.swift in Sources */,
				65E3BDBB28F2C4DC0081D29D /* ProgramItemView.swift in Sources */,
				65AB8A472906801C00F13B4B /* VideosListView.swift in Sources */,
				65093A6428F2FB9B00538549 /* BranchItemView.swift in Sources */,
				65E3BDB928F2BFB30081D29D /* HeaderView.swift in Sources */,
				65D1ED7328FE8BBC00B9725C /* SineWaveShape.swift in Sources */,
				6595DBA228F522FC00B1F503 /* ChapterItemView.swift in Sources */,
				659404ED2901371300D78A70 /* WaveFillShape.swift in Sources */,
				65430EEA2907DD0800AA83BC /* WebView.swift in Sources */,
				65ED403B28D606E9000F7477 /* ServerConstant.swift in Sources */,
				65D0ECBD28FFDCA00006E8E9 /* TestView.swift in Sources */,
				65B21D16290796B200D32753 /* ChemistryBranchesView.swift in Sources */,
				654CABEC28FD32080024A228 /* FloatButtonGroupView.swift in Sources */,
				65830B6C28F026EB0052BA49 /* ImageTrackingView.swift in Sources */,
				650B7704290CF72100F8E1C2 /* BackButton.swift in Sources */,
				65E3BDB428F275210081D29D /* CustomShape.swift in Sources */,
				65985E3828EC77EC00061E68 /* AppState.swift in Sources */,
				65430EE82907DAF700AA83BC /* LessonDetailView.swift in Sources */,
				65B0EC212902C9ED008C49E0 /* MetalGroupView.swift in Sources */,
				65A7D56629026DB0009F7206 /* DropGroupView.swift in Sources */,
				65A86E0728F7E063007BBB16 /* CustomSceneView.swift in Sources */,
				65985E3428EC5D1800061E68 /* OffsetPageTabView.swift in Sources */,
				65985E3028EC5BCF00061E68 /* OnboardingView.swift in Sources */,
				6523304728D626AE007F18F6 /* NetworkServiceProtocol.swift in Sources */,
			);
			runOnlyForDeploymentPostprocessing = 0;
		};
/* End PBXSourcesBuildPhase section */

/* Begin XCBuildConfiguration section */
		65ED401928D5FEA5000F7477 /* Debug */ = {
			isa = XCBuildConfiguration;
			buildSettings = {
				ALWAYS_SEARCH_USER_PATHS = NO;
				CLANG_ANALYZER_NONNULL = YES;
				CLANG_ANALYZER_NUMBER_OBJECT_CONVERSION = YES_AGGRESSIVE;
				CLANG_CXX_LANGUAGE_STANDARD = "gnu++17";
				CLANG_ENABLE_MODULES = YES;
				CLANG_ENABLE_OBJC_ARC = YES;
				CLANG_ENABLE_OBJC_WEAK = YES;
				CLANG_WARN_BLOCK_CAPTURE_AUTORELEASING = YES;
				CLANG_WARN_BOOL_CONVERSION = YES;
				CLANG_WARN_COMMA = YES;
				CLANG_WARN_CONSTANT_CONVERSION = YES;
				CLANG_WARN_DEPRECATED_OBJC_IMPLEMENTATIONS = YES;
				CLANG_WARN_DIRECT_OBJC_ISA_USAGE = YES_ERROR;
				CLANG_WARN_DOCUMENTATION_COMMENTS = YES;
				CLANG_WARN_EMPTY_BODY = YES;
				CLANG_WARN_ENUM_CONVERSION = YES;
				CLANG_WARN_INFINITE_RECURSION = YES;
				CLANG_WARN_INT_CONVERSION = YES;
				CLANG_WARN_NON_LITERAL_NULL_CONVERSION = YES;
				CLANG_WARN_OBJC_IMPLICIT_RETAIN_SELF = YES;
				CLANG_WARN_OBJC_LITERAL_CONVERSION = YES;
				CLANG_WARN_OBJC_ROOT_CLASS = YES_ERROR;
				CLANG_WARN_QUOTED_INCLUDE_IN_FRAMEWORK_HEADER = YES;
				CLANG_WARN_RANGE_LOOP_ANALYSIS = YES;
				CLANG_WARN_STRICT_PROTOTYPES = YES;
				CLANG_WARN_SUSPICIOUS_MOVE = YES;
				CLANG_WARN_UNGUARDED_AVAILABILITY = YES_AGGRESSIVE;
				CLANG_WARN_UNREACHABLE_CODE = YES;
				CLANG_WARN__DUPLICATE_METHOD_MATCH = YES;
				COPY_PHASE_STRIP = NO;
				DEBUG_INFORMATION_FORMAT = dwarf;
				ENABLE_STRICT_OBJC_MSGSEND = YES;
				ENABLE_TESTABILITY = YES;
				GCC_C_LANGUAGE_STANDARD = gnu11;
				GCC_DYNAMIC_NO_PIC = NO;
				GCC_NO_COMMON_BLOCKS = YES;
				GCC_OPTIMIZATION_LEVEL = 0;
				GCC_PREPROCESSOR_DEFINITIONS = (
					"DEBUG=1",
					"$(inherited)",
				);
				GCC_WARN_64_TO_32_BIT_CONVERSION = YES;
				GCC_WARN_ABOUT_RETURN_TYPE = YES_ERROR;
				GCC_WARN_UNDECLARED_SELECTOR = YES;
				GCC_WARN_UNINITIALIZED_AUTOS = YES_AGGRESSIVE;
				GCC_WARN_UNUSED_FUNCTION = YES;
				GCC_WARN_UNUSED_VARIABLE = YES;
				IPHONEOS_DEPLOYMENT_TARGET = 15.0;
				MTL_ENABLE_DEBUG_INFO = INCLUDE_SOURCE;
				MTL_FAST_MATH = YES;
				ONLY_ACTIVE_ARCH = YES;
				SDKROOT = iphoneos;
				SWIFT_ACTIVE_COMPILATION_CONDITIONS = DEBUG;
				SWIFT_OPTIMIZATION_LEVEL = "-Onone";
			};
			name = Debug;
		};
		65ED401A28D5FEA5000F7477 /* Release */ = {
			isa = XCBuildConfiguration;
			buildSettings = {
				ALWAYS_SEARCH_USER_PATHS = NO;
				CLANG_ANALYZER_NONNULL = YES;
				CLANG_ANALYZER_NUMBER_OBJECT_CONVERSION = YES_AGGRESSIVE;
				CLANG_CXX_LANGUAGE_STANDARD = "gnu++17";
				CLANG_ENABLE_MODULES = YES;
				CLANG_ENABLE_OBJC_ARC = YES;
				CLANG_ENABLE_OBJC_WEAK = YES;
				CLANG_WARN_BLOCK_CAPTURE_AUTORELEASING = YES;
				CLANG_WARN_BOOL_CONVERSION = YES;
				CLANG_WARN_COMMA = YES;
				CLANG_WARN_CONSTANT_CONVERSION = YES;
				CLANG_WARN_DEPRECATED_OBJC_IMPLEMENTATIONS = YES;
				CLANG_WARN_DIRECT_OBJC_ISA_USAGE = YES_ERROR;
				CLANG_WARN_DOCUMENTATION_COMMENTS = YES;
				CLANG_WARN_EMPTY_BODY = YES;
				CLANG_WARN_ENUM_CONVERSION = YES;
				CLANG_WARN_INFINITE_RECURSION = YES;
				CLANG_WARN_INT_CONVERSION = YES;
				CLANG_WARN_NON_LITERAL_NULL_CONVERSION = YES;
				CLANG_WARN_OBJC_IMPLICIT_RETAIN_SELF = YES;
				CLANG_WARN_OBJC_LITERAL_CONVERSION = YES;
				CLANG_WARN_OBJC_ROOT_CLASS = YES_ERROR;
				CLANG_WARN_QUOTED_INCLUDE_IN_FRAMEWORK_HEADER = YES;
				CLANG_WARN_RANGE_LOOP_ANALYSIS = YES;
				CLANG_WARN_STRICT_PROTOTYPES = YES;
				CLANG_WARN_SUSPICIOUS_MOVE = YES;
				CLANG_WARN_UNGUARDED_AVAILABILITY = YES_AGGRESSIVE;
				CLANG_WARN_UNREACHABLE_CODE = YES;
				CLANG_WARN__DUPLICATE_METHOD_MATCH = YES;
				COPY_PHASE_STRIP = NO;
				DEBUG_INFORMATION_FORMAT = "dwarf-with-dsym";
				ENABLE_NS_ASSERTIONS = NO;
				ENABLE_STRICT_OBJC_MSGSEND = YES;
				GCC_C_LANGUAGE_STANDARD = gnu11;
				GCC_NO_COMMON_BLOCKS = YES;
				GCC_WARN_64_TO_32_BIT_CONVERSION = YES;
				GCC_WARN_ABOUT_RETURN_TYPE = YES_ERROR;
				GCC_WARN_UNDECLARED_SELECTOR = YES;
				GCC_WARN_UNINITIALIZED_AUTOS = YES_AGGRESSIVE;
				GCC_WARN_UNUSED_FUNCTION = YES;
				GCC_WARN_UNUSED_VARIABLE = YES;
				IPHONEOS_DEPLOYMENT_TARGET = 15.0;
				MTL_ENABLE_DEBUG_INFO = NO;
				MTL_FAST_MATH = YES;
				SDKROOT = iphoneos;
				SWIFT_COMPILATION_MODE = wholemodule;
				SWIFT_OPTIMIZATION_LEVEL = "-O";
				VALIDATE_PRODUCT = YES;
			};
			name = Release;
		};
		65ED401C28D5FEA5000F7477 /* Debug */ = {
			isa = XCBuildConfiguration;
			baseConfigurationReference = 26EA850E32323879880D3AB7 /* Pods-ChemistryAR.debug.xcconfig */;
			buildSettings = {
				ASSETCATALOG_COMPILER_APPICON_NAME = AppIcon;
				ASSETCATALOG_COMPILER_GLOBAL_ACCENT_COLOR_NAME = AccentColor;
				CODE_SIGN_STYLE = Automatic;
				CURRENT_PROJECT_VERSION = 1;
				DEVELOPMENT_ASSET_PATHS = "\"ChemistryAR/Preview Content\"";
				DEVELOPMENT_TEAM = 67A5KG44NX;
				ENABLE_PREVIEWS = YES;
				GENERATE_INFOPLIST_FILE = YES;
				INFOPLIST_KEY_NSCameraUsageDescription = "camera use";
				INFOPLIST_KEY_UIApplicationSceneManifest_Generation = YES;
				INFOPLIST_KEY_UIApplicationSupportsIndirectInputEvents = YES;
				INFOPLIST_KEY_UILaunchScreen_Generation = YES;
				INFOPLIST_KEY_UIStatusBarStyle = "";
				INFOPLIST_KEY_UISupportedInterfaceOrientations = UIInterfaceOrientationPortrait;
				INFOPLIST_KEY_UISupportedInterfaceOrientations_iPad = "UIInterfaceOrientationLandscapeLeft UIInterfaceOrientationLandscapeRight UIInterfaceOrientationPortrait UIInterfaceOrientationPortraitUpsideDown";
				IPHONEOS_DEPLOYMENT_TARGET = 15.0;
				LD_RUNPATH_SEARCH_PATHS = (
					"$(inherited)",
					"@executable_path/Frameworks",
				);
				MARKETING_VERSION = 1.0;
				PRODUCT_BUNDLE_IDENTIFIER = com.Minh.ChemistryAR.app;
				PRODUCT_NAME = "$(TARGET_NAME)";
				SUPPORTED_PLATFORMS = "iphoneos iphonesimulator";
				SUPPORTS_MACCATALYST = NO;
				SUPPORTS_MAC_DESIGNED_FOR_IPHONE_IPAD = NO;
				SWIFT_EMIT_LOC_STRINGS = YES;
				SWIFT_VERSION = 5.0;
				TARGETED_DEVICE_FAMILY = 1;
			};
			name = Debug;
		};
		65ED401D28D5FEA5000F7477 /* Release */ = {
			isa = XCBuildConfiguration;
			baseConfigurationReference = FF952D4FAD307029EDE348AF /* Pods-ChemistryAR.release.xcconfig */;
			buildSettings = {
				ASSETCATALOG_COMPILER_APPICON_NAME = AppIcon;
				ASSETCATALOG_COMPILER_GLOBAL_ACCENT_COLOR_NAME = AccentColor;
				CODE_SIGN_STYLE = Automatic;
				CURRENT_PROJECT_VERSION = 1;
				DEVELOPMENT_ASSET_PATHS = "\"ChemistryAR/Preview Content\"";
				DEVELOPMENT_TEAM = 67A5KG44NX;
				ENABLE_PREVIEWS = YES;
				GENERATE_INFOPLIST_FILE = YES;
				INFOPLIST_KEY_NSCameraUsageDescription = "camera use";
				INFOPLIST_KEY_UIApplicationSceneManifest_Generation = YES;
				INFOPLIST_KEY_UIApplicationSupportsIndirectInputEvents = YES;
				INFOPLIST_KEY_UILaunchScreen_Generation = YES;
				INFOPLIST_KEY_UIStatusBarStyle = "";
				INFOPLIST_KEY_UISupportedInterfaceOrientations = UIInterfaceOrientationPortrait;
				INFOPLIST_KEY_UISupportedInterfaceOrientations_iPad = "UIInterfaceOrientationLandscapeLeft UIInterfaceOrientationLandscapeRight UIInterfaceOrientationPortrait UIInterfaceOrientationPortraitUpsideDown";
				IPHONEOS_DEPLOYMENT_TARGET = 15.0;
				LD_RUNPATH_SEARCH_PATHS = (
					"$(inherited)",
					"@executable_path/Frameworks",
				);
				MARKETING_VERSION = 1.0;
				PRODUCT_BUNDLE_IDENTIFIER = com.Minh.ChemistryAR.app;
				PRODUCT_NAME = "$(TARGET_NAME)";
				SUPPORTED_PLATFORMS = "iphoneos iphonesimulator";
				SUPPORTS_MACCATALYST = NO;
				SUPPORTS_MAC_DESIGNED_FOR_IPHONE_IPAD = NO;
				SWIFT_EMIT_LOC_STRINGS = YES;
				SWIFT_VERSION = 5.0;
				TARGETED_DEVICE_FAMILY = 1;
			};
			name = Release;
		};
/* End XCBuildConfiguration section */

/* Begin XCConfigurationList section */
		65ED400828D5FE9D000F7477 /* Build configuration list for PBXProject "ChemistryAR" */ = {
			isa = XCConfigurationList;
			buildConfigurations = (
				65ED401928D5FEA5000F7477 /* Debug */,
				65ED401A28D5FEA5000F7477 /* Release */,
			);
			defaultConfigurationIsVisible = 0;
			defaultConfigurationName = Release;
		};
		65ED401B28D5FEA5000F7477 /* Build configuration list for PBXNativeTarget "ChemistryAR" */ = {
			isa = XCConfigurationList;
			buildConfigurations = (
				65ED401C28D5FEA5000F7477 /* Debug */,
				65ED401D28D5FEA5000F7477 /* Release */,
			);
			defaultConfigurationIsVisible = 0;
			defaultConfigurationName = Release;
		};
/* End XCConfigurationList section */
	};
	rootObject = 65ED400528D5FE9D000F7477 /* Project object */;
}
